<?xml version="1.0" encoding="utf-8"?>
<Project ToolsVersion="4.0" xmlns="http://schemas.microsoft.com/developer/msbuild/2003">
  <ItemGroup>
    <Filter Include="win32">
      <UniqueIdentifier>{84a8ebd7-7cf0-47f6-b75e-d441df67da40}</UniqueIdentifier>
    </Filter>
    <Filter Include="resource">
      <UniqueIdentifier>{715254bc-d70b-4ec5-bf29-467dd3ace079}</UniqueIdentifier>
    </Filter>
    <Filter Include="src">
      <UniqueIdentifier>{bb6c862e-70e9-49d9-81b7-3829a6f50471}</UniqueIdentifier>
    </Filter>
    <Filter Include="reader from SampleProject">
      <UniqueIdentifier>{2d88742c-8d8f-469e-93ac-f92568a1653b}</UniqueIdentifier>
    </Filter>
  </ItemGroup>
  <ItemGroup>
    <ClCompile Include="main.cpp">
      <Filter>win32</Filter>
    </ClCompile>
    <ClCompile Include="..\Classes\AppDelegate.cpp">
      <Filter>src</Filter>
    </ClCompile>
    <ClCompile Include="..\Classes\HelloWorldScene.cpp">
      <Filter>src</Filter>
    </ClCompile>
    <ClCompile Include="..\..\SampleProject\packages\creator-luacpp-support\reader\animation\AnimateClip.cpp">
      <Filter>reader from SampleProject</Filter>
    </ClCompile>
    <ClCompile Include="..\..\SampleProject\packages\creator-luacpp-support\reader\animation\AnimationClip.cpp">
      <Filter>reader from SampleProject</Filter>
    </ClCompile>
    <ClCompile Include="..\..\SampleProject\packages\creator-luacpp-support\reader\animation\AnimationManager.cpp">
      <Filter>reader from SampleProject</Filter>
    </ClCompile>
    <ClCompile Include="..\..\SampleProject\packages\creator-luacpp-support\reader\animation\Bezier.cpp">
      <Filter>reader from SampleProject</Filter>
    </ClCompile>
    <ClCompile Include="..\..\SampleProject\packages\creator-luacpp-support\reader\animation\Easing.cpp">
      <Filter>reader from SampleProject</Filter>
    </ClCompile>
    <ClCompile Include="..\..\SampleProject\packages\creator-luacpp-support\reader\collider\Collider.cpp">
      <Filter>reader from SampleProject</Filter>
    </ClCompile>
    <ClCompile Include="..\..\SampleProject\packages\creator-luacpp-support\reader\collider\ColliderManager.cpp">
      <Filter>reader from SampleProject</Filter>
    </ClCompile>
    <ClCompile Include="..\..\SampleProject\packages\creator-luacpp-support\reader\collider\Contract.cpp">
      <Filter>reader from SampleProject</Filter>
    </ClCompile>
    <ClCompile Include="..\..\SampleProject\packages\creator-luacpp-support\reader\collider\Intersection.cpp">
      <Filter>reader from SampleProject</Filter>
    </ClCompile>
    <ClCompile Include="..\..\SampleProject\packages\creator-luacpp-support\reader\CreatorReader.cpp">
      <Filter>reader from SampleProject</Filter>
    </ClCompile>
    <ClCompile Include="..\..\SampleProject\packages\creator-luacpp-support\reader\dragonbones\animation\Animation.cpp">
      <Filter>reader from SampleProject</Filter>
    </ClCompile>
    <ClCompile Include="..\..\SampleProject\packages\creator-luacpp-support\reader\dragonbones\animation\AnimationState.cpp">
      <Filter>reader from SampleProject</Filter>
    </ClCompile>
    <ClCompile Include="..\..\SampleProject\packages\creator-luacpp-support\reader\dragonbones\animation\TimelineState.cpp">
      <Filter>reader from SampleProject</Filter>
    </ClCompile>
    <ClCompile Include="..\..\SampleProject\packages\creator-luacpp-support\reader\dragonbones\animation\WorldClock.cpp">
      <Filter>reader from SampleProject</Filter>
    </ClCompile>
    <ClCompile Include="..\..\SampleProject\packages\creator-luacpp-support\reader\dragonbones\armature\Armature.cpp">
      <Filter>reader from SampleProject</Filter>
    </ClCompile>
    <ClCompile Include="..\..\SampleProject\packages\creator-luacpp-support\reader\dragonbones\armature\Bone.cpp">
      <Filter>reader from SampleProject</Filter>
    </ClCompile>
    <ClCompile Include="..\..\SampleProject\packages\creator-luacpp-support\reader\dragonbones\armature\Slot.cpp">
      <Filter>reader from SampleProject</Filter>
    </ClCompile>
    <ClCompile Include="..\..\SampleProject\packages\creator-luacpp-support\reader\dragonbones\cocos2dx\CCArmatureDisplay.cpp">
      <Filter>reader from SampleProject</Filter>
    </ClCompile>
    <ClCompile Include="..\..\SampleProject\packages\creator-luacpp-support\reader\dragonbones\cocos2dx\CCFactory.cpp">
      <Filter>reader from SampleProject</Filter>
    </ClCompile>
    <ClCompile Include="..\..\SampleProject\packages\creator-luacpp-support\reader\dragonbones\cocos2dx\CCSlot.cpp">
      <Filter>reader from SampleProject</Filter>
    </ClCompile>
    <ClCompile Include="..\..\SampleProject\packages\creator-luacpp-support\reader\dragonbones\cocos2dx\CCTextureData.cpp">
      <Filter>reader from SampleProject</Filter>
    </ClCompile>
    <ClCompile Include="..\..\SampleProject\packages\creator-luacpp-support\reader\dragonbones\core\BaseObject.cpp">
      <Filter>reader from SampleProject</Filter>
    </ClCompile>
    <ClCompile Include="..\..\SampleProject\packages\creator-luacpp-support\reader\dragonbones\events\EventObject.cpp">
      <Filter>reader from SampleProject</Filter>
    </ClCompile>
    <ClCompile Include="..\..\SampleProject\packages\creator-luacpp-support\reader\dragonbones\factories\BaseFactory.cpp">
      <Filter>reader from SampleProject</Filter>
    </ClCompile>
    <ClCompile Include="..\..\SampleProject\packages\creator-luacpp-support\reader\dragonbones\model\AnimationData.cpp">
      <Filter>reader from SampleProject</Filter>
    </ClCompile>
    <ClCompile Include="..\..\SampleProject\packages\creator-luacpp-support\reader\dragonbones\model\ArmatureData.cpp">
      <Filter>reader from SampleProject</Filter>
    </ClCompile>
    <ClCompile Include="..\..\SampleProject\packages\creator-luacpp-support\reader\dragonbones\model\DragonBonesData.cpp">
      <Filter>reader from SampleProject</Filter>
    </ClCompile>
    <ClCompile Include="..\..\SampleProject\packages\creator-luacpp-support\reader\dragonbones\model\FrameData.cpp">
      <Filter>reader from SampleProject</Filter>
    </ClCompile>
    <ClCompile Include="..\..\SampleProject\packages\creator-luacpp-support\reader\dragonbones\model\TimelineData.cpp">
      <Filter>reader from SampleProject</Filter>
    </ClCompile>
    <ClCompile Include="..\..\SampleProject\packages\creator-luacpp-support\reader\dragonbones\parsers\DataParser.cpp">
      <Filter>reader from SampleProject</Filter>
    </ClCompile>
    <ClCompile Include="..\..\SampleProject\packages\creator-luacpp-support\reader\dragonbones\parsers\JSONDataParser.cpp">
      <Filter>reader from SampleProject</Filter>
    </ClCompile>
    <ClCompile Include="..\..\SampleProject\packages\creator-luacpp-support\reader\dragonbones\textures\TextureData.cpp">
      <Filter>reader from SampleProject</Filter>
    </ClCompile>
    <ClCompile Include="..\..\SampleProject\packages\creator-luacpp-support\reader\ui\PageView.cpp">
      <Filter>reader from SampleProject</Filter>
    </ClCompile>
    <ClCompile Include="..\..\SampleProject\packages\creator-luacpp-support\reader\ui\RichtextStringVisitor.cpp">
      <Filter>reader from SampleProject</Filter>
    </ClCompile>
  </ItemGroup>
  <ItemGroup>
    <ClInclude Include="main.h">
      <Filter>win32</Filter>
    </ClInclude>
    <ClInclude Include="..\Classes\AppDelegate.h">
      <Filter>src</Filter>
    </ClInclude>
    <ClInclude Include="..\Classes\HelloWorldScene.h">
      <Filter>src</Filter>
    </ClInclude>
    <ClInclude Include="..\..\SampleProject\packages\creator-luacpp-support\reader\animation\AnimateClip.h">
      <Filter>reader from SampleProject</Filter>
    </ClInclude>
    <ClInclude Include="..\..\SampleProject\packages\creator-luacpp-support\reader\animation\AnimationClip.h">
      <Filter>reader from SampleProject</Filter>
    </ClInclude>
    <ClInclude Include="..\..\SampleProject\packages\creator-luacpp-support\reader\animation\AnimationClipProperties.h">
      <Filter>reader from SampleProject</Filter>
    </ClInclude>
    <ClInclude Include="..\..\SampleProject\packages\creator-luacpp-support\reader\animation\AnimationManager.h">
      <Filter>reader from SampleProject</Filter>
    </ClInclude>
    <ClInclude Include="..\..\SampleProject\packages\creator-luacpp-support\reader\animation\Bezier.h">
      <Filter>reader from SampleProject</Filter>
    </ClInclude>
    <ClInclude Include="..\..\SampleProject\packages\creator-luacpp-support\reader\animation\Easing.h">
      <Filter>reader from SampleProject</Filter>
    </ClInclude>
    <ClInclude Include="..\..\SampleProject\packages\creator-luacpp-support\reader\collider\Collider.h">
      <Filter>reader from SampleProject</Filter>
    </ClInclude>
    <ClInclude Include="..\..\SampleProject\packages\creator-luacpp-support\reader\collider\ColliderManager.h">
      <Filter>reader from SampleProject</Filter>
    </ClInclude>
    <ClInclude Include="..\..\SampleProject\packages\creator-luacpp-support\reader\collider\Contract.h">
      <Filter>reader from SampleProject</Filter>
    </ClInclude>
    <ClInclude Include="..\..\SampleProject\packages\creator-luacpp-support\reader\collider\Intersection.h">
      <Filter>reader from SampleProject</Filter>
    </ClInclude>
    <ClInclude Include="..\..\SampleProject\packages\creator-luacpp-support\reader\CreatorReader.h">
      <Filter>reader from SampleProject</Filter>
    </ClInclude>
    <ClInclude Include="..\..\SampleProject\packages\creator-luacpp-support\reader\CreatorReader_generated.h">
      <Filter>reader from SampleProject</Filter>
    </ClInclude>
    <ClInclude Include="..\..\SampleProject\packages\creator-luacpp-support\reader\dragonbones\animation\Animation.h">
      <Filter>reader from SampleProject</Filter>
    </ClInclude>
    <ClInclude Include="..\..\SampleProject\packages\creator-luacpp-support\reader\dragonbones\animation\AnimationState.h">
      <Filter>reader from SampleProject</Filter>
    </ClInclude>
    <ClInclude Include="..\..\SampleProject\packages\creator-luacpp-support\reader\dragonbones\animation\BaseTimelineState.h">
      <Filter>reader from SampleProject</Filter>
    </ClInclude>
    <ClInclude Include="..\..\SampleProject\packages\creator-luacpp-support\reader\dragonbones\animation\IAnimateble.h">
      <Filter>reader from SampleProject</Filter>
    </ClInclude>
    <ClInclude Include="..\..\SampleProject\packages\creator-luacpp-support\reader\dragonbones\animation\TimelineState.h">
      <Filter>reader from SampleProject</Filter>
    </ClInclude>
    <ClInclude Include="..\..\SampleProject\packages\creator-luacpp-support\reader\dragonbones\animation\WorldClock.h">
      <Filter>reader from SampleProject</Filter>
    </ClInclude>
    <ClInclude Include="..\..\SampleProject\packages\creator-luacpp-support\reader\dragonbones\armature\Armature.h">
      <Filter>reader from SampleProject</Filter>
    </ClInclude>
    <ClInclude Include="..\..\SampleProject\packages\creator-luacpp-support\reader\dragonbones\armature\Bone.h">
      <Filter>reader from SampleProject</Filter>
    </ClInclude>
    <ClInclude Include="..\..\SampleProject\packages\creator-luacpp-support\reader\dragonbones\armature\IArmatureDisplay.h">
      <Filter>reader from SampleProject</Filter>
    </ClInclude>
    <ClInclude Include="..\..\SampleProject\packages\creator-luacpp-support\reader\dragonbones\armature\Slot.h">
      <Filter>reader from SampleProject</Filter>
    </ClInclude>
    <ClInclude Include="..\..\SampleProject\packages\creator-luacpp-support\reader\dragonbones\armature\TransformObject.h">
      <Filter>reader from SampleProject</Filter>
    </ClInclude>
    <ClInclude Include="..\..\SampleProject\packages\creator-luacpp-support\reader\dragonbones\cocos2dx\CCArmatureDisplay.h">
      <Filter>reader from SampleProject</Filter>
    </ClInclude>
    <ClInclude Include="..\..\SampleProject\packages\creator-luacpp-support\reader\dragonbones\cocos2dx\CCDragonBonesHeaders.h">
      <Filter>reader from SampleProject</Filter>
    </ClInclude>
    <ClInclude Include="..\..\SampleProject\packages\creator-luacpp-support\reader\dragonbones\cocos2dx\CCFactory.h">
      <Filter>reader from SampleProject</Filter>
    </ClInclude>
    <ClInclude Include="..\..\SampleProject\packages\creator-luacpp-support\reader\dragonbones\cocos2dx\CCSlot.h">
      <Filter>reader from SampleProject</Filter>
    </ClInclude>
    <ClInclude Include="..\..\SampleProject\packages\creator-luacpp-support\reader\dragonbones\cocos2dx\CCTextureData.h">
      <Filter>reader from SampleProject</Filter>
    </ClInclude>
    <ClInclude Include="..\..\SampleProject\packages\creator-luacpp-support\reader\dragonbones\core\BaseObject.h">
      <Filter>reader from SampleProject</Filter>
    </ClInclude>
    <ClInclude Include="..\..\SampleProject\packages\creator-luacpp-support\reader\dragonbones\core\DragonBones.h">
      <Filter>reader from SampleProject</Filter>
    </ClInclude>
    <ClInclude Include="..\..\SampleProject\packages\creator-luacpp-support\reader\dragonbones\DragonBonesHeaders.h">
      <Filter>reader from SampleProject</Filter>
    </ClInclude>
    <ClInclude Include="..\..\SampleProject\packages\creator-luacpp-support\reader\dragonbones\events\EventObject.h">
      <Filter>reader from SampleProject</Filter>
    </ClInclude>
    <ClInclude Include="..\..\SampleProject\packages\creator-luacpp-support\reader\dragonbones\factories\BaseFactory.h">
      <Filter>reader from SampleProject</Filter>
    </ClInclude>
    <ClInclude Include="..\..\SampleProject\packages\creator-luacpp-support\reader\dragonbones\geom\ColorTransform.h">
      <Filter>reader from SampleProject</Filter>
    </ClInclude>
    <ClInclude Include="..\..\SampleProject\packages\creator-luacpp-support\reader\dragonbones\geom\Matrix.h">
      <Filter>reader from SampleProject</Filter>
    </ClInclude>
    <ClInclude Include="..\..\SampleProject\packages\creator-luacpp-support\reader\dragonbones\geom\Point.h">
      <Filter>reader from SampleProject</Filter>
    </ClInclude>
    <ClInclude Include="..\..\SampleProject\packages\creator-luacpp-support\reader\dragonbones\geom\Rectangle.h">
      <Filter>reader from SampleProject</Filter>
    </ClInclude>
    <ClInclude Include="..\..\SampleProject\packages\creator-luacpp-support\reader\dragonbones\geom\Transform.h">
      <Filter>reader from SampleProject</Filter>
    </ClInclude>
    <ClInclude Include="..\..\SampleProject\packages\creator-luacpp-support\reader\dragonbones\model\AnimationData.h">
      <Filter>reader from SampleProject</Filter>
    </ClInclude>
    <ClInclude Include="..\..\SampleProject\packages\creator-luacpp-support\reader\dragonbones\model\ArmatureData.h">
      <Filter>reader from SampleProject</Filter>
    </ClInclude>
    <ClInclude Include="..\..\SampleProject\packages\creator-luacpp-support\reader\dragonbones\model\DragonBonesData.h">
      <Filter>reader from SampleProject</Filter>
    </ClInclude>
    <ClInclude Include="..\..\SampleProject\packages\creator-luacpp-support\reader\dragonbones\model\FrameData.h">
      <Filter>reader from SampleProject</Filter>
    </ClInclude>
    <ClInclude Include="..\..\SampleProject\packages\creator-luacpp-support\reader\dragonbones\model\TimelineData.h">
      <Filter>reader from SampleProject</Filter>
    </ClInclude>
    <ClInclude Include="..\..\SampleProject\packages\creator-luacpp-support\reader\dragonbones\parsers\DataParser.h">
      <Filter>reader from SampleProject</Filter>
    </ClInclude>
    <ClInclude Include="..\..\SampleProject\packages\creator-luacpp-support\reader\dragonbones\parsers\JSONDataParser.h">
      <Filter>reader from SampleProject</Filter>
    </ClInclude>
    <ClInclude Include="..\..\SampleProject\packages\creator-luacpp-support\reader\dragonbones\textures\TextureData.h">
      <Filter>reader from SampleProject</Filter>
    </ClInclude>
    <ClInclude Include="..\..\SampleProject\packages\creator-luacpp-support\reader\flatbuffers\code_generators.h">
      <Filter>reader from SampleProject</Filter>
    </ClInclude>
    <ClInclude Include="..\..\SampleProject\packages\creator-luacpp-support\reader\flatbuffers\flatbuffers.h">
      <Filter>reader from SampleProject</Filter>
    </ClInclude>
    <ClInclude Include="..\..\SampleProject\packages\creator-luacpp-support\reader\flatbuffers\grpc.h">
      <Filter>reader from SampleProject</Filter>
    </ClInclude>
    <ClInclude Include="..\..\SampleProject\packages\creator-luacpp-support\reader\flatbuffers\hash.h">
      <Filter>reader from SampleProject</Filter>
    </ClInclude>
    <ClInclude Include="..\..\SampleProject\packages\creator-luacpp-support\reader\flatbuffers\idl.h">
      <Filter>reader from SampleProject</Filter>
    </ClInclude>
    <ClInclude Include="..\..\SampleProject\packages\creator-luacpp-support\reader\flatbuffers\reflection.h">
      <Filter>reader from SampleProject</Filter>
    </ClInclude>
    <ClInclude Include="..\..\SampleProject\packages\creator-luacpp-support\reader\flatbuffers\reflection_generated.h">
      <Filter>reader from SampleProject</Filter>
    </ClInclude>
    <ClInclude Include="..\..\SampleProject\packages\creator-luacpp-support\reader\flatbuffers\util.h">
      <Filter>reader from SampleProject</Filter>
    </ClInclude>
    <ClInclude Include="..\..\SampleProject\packages\creator-luacpp-support\reader\Macros.h">
      <Filter>reader from SampleProject</Filter>
    </ClInclude>
    <ClInclude Include="..\..\SampleProject\packages\creator-luacpp-support\reader\ui\PageView.h">
      <Filter>reader from SampleProject</Filter>
    </ClInclude>
    <ClInclude Include="..\..\SampleProject\packages\creator-luacpp-support\reader\ui\RichtextStringVisitor.h">
      <Filter>reader from SampleProject</Filter>
    </ClInclude>
  </ItemGroup>
  <ItemGroup>
    <ResourceCompile Include="game.rc">
      <Filter>resource</Filter>
    </ResourceCompile>
  </ItemGroup>
</Project>